// !$*UTF8*$!
{
	archiveVersion = 1;
	classes = {
	};
	objectVersion = 56;
	objects = {

/* Begin PBXBuildFile section */
		4207D39A74061564F4B6EC6A /* Pods_letterise.framework in Frameworks */ = {isa = PBXBuildFile; fileRef = 65B9F2594994A99E2BE5A00D /* Pods_letterise.framework */; };
		9D3DC8B42B2233E100AB1B68 /* GetCoinsViewModel.swift in Sources */ = {isa = PBXBuildFile; fileRef = 9D3DC8B22B2233E100AB1B68 /* GetCoinsViewModel.swift */; };
		9D3DC8B52B2233E100AB1B68 /* GetCoinsView.swift in Sources */ = {isa = PBXBuildFile; fileRef = 9D3DC8B32B2233E100AB1B68 /* GetCoinsView.swift */; };
		9D77C43F2B278BDA001586B1 /* RankingView.swift in Sources */ = {isa = PBXBuildFile; fileRef = 9D77C43E2B278BDA001586B1 /* RankingView.swift */; };
		9D77C4422B279563001586B1 /* SettingsView.swift in Sources */ = {isa = PBXBuildFile; fileRef = 9D77C4412B279563001586B1 /* SettingsView.swift */; };
		9D95ED4E2B1FBD1500565340 /* GetCoinsRow.swift in Sources */ = {isa = PBXBuildFile; fileRef = 9D95ED4D2B1FBD1500565340 /* GetCoinsRow.swift */; };
		9D95ED5B2B1FBD7D00565340 /* RewardedAd.swift in Sources */ = {isa = PBXBuildFile; fileRef = 9D95ED592B1FBD7C00565340 /* RewardedAd.swift */; };
		9D95ED5C2B1FBD7D00565340 /* BannerAd.swift in Sources */ = {isa = PBXBuildFile; fileRef = 9D95ED5A2B1FBD7C00565340 /* BannerAd.swift */; };
		9D95ED5E2B1FE86100565340 /* StoreKit.framework in Frameworks */ = {isa = PBXBuildFile; fileRef = 9D95ED5D2B1FE86100565340 /* StoreKit.framework */; };
		9D9603CC2B287D5A00F6F3DF /* NeedToLoginView.swift in Sources */ = {isa = PBXBuildFile; fileRef = 9D9603CB2B287D5A00F6F3DF /* NeedToLoginView.swift */; };
		9DB152152B27405300C33DD0 /* RankingViewModel.swift in Sources */ = {isa = PBXBuildFile; fileRef = 9DB152142B27405300C33DD0 /* RankingViewModel.swift */; };
		9DB152172B27408400C33DD0 /* RankingModel.swift in Sources */ = {isa = PBXBuildFile; fileRef = 9DB152162B27408400C33DD0 /* RankingModel.swift */; };
		9DD9C2EA2B2551E300852291 /* SetNicknameView.swift in Sources */ = {isa = PBXBuildFile; fileRef = 9DD9C2E92B2551E300852291 /* SetNicknameView.swift */; };
		9DE3E4BB2B1B43A2009E625D /* LoginView.swift in Sources */ = {isa = PBXBuildFile; fileRef = 9DE3E4BA2B1B43A2009E625D /* LoginView.swift */; };
		9DE3E4C22B1B55A0009E625D /* AuthSingleton.swift in Sources */ = {isa = PBXBuildFile; fileRef = 9DE3E4C12B1B55A0009E625D /* AuthSingleton.swift */; };
		9DE3E4C52B1B56C6009E625D /* UserModel.swift in Sources */ = {isa = PBXBuildFile; fileRef = 9DE3E4C42B1B56C6009E625D /* UserModel.swift */; };
		DF0E22A72B0F7D8600DD4FAF /* StoreKit.swift in Sources */ = {isa = PBXBuildFile; fileRef = DF0E22A62B0F7D8600DD4FAF /* StoreKit.swift */; };
		F55AB75F2B0D366C00FEB14F /* Incorrect.mp3 in Resources */ = {isa = PBXBuildFile; fileRef = F55AB75C2B0D366C00FEB14F /* Incorrect.mp3 */; };
		F55AB7602B0D366C00FEB14F /* Correct.mp3 in Resources */ = {isa = PBXBuildFile; fileRef = F55AB75D2B0D366C00FEB14F /* Correct.mp3 */; };
		F55AB7612B0D366C00FEB14F /* Tap.mp3 in Resources */ = {isa = PBXBuildFile; fileRef = F55AB75E2B0D366C00FEB14F /* Tap.mp3 */; };
		F55AB7642B111A3300FEB14F /* CongratulationsView.swift in Sources */ = {isa = PBXBuildFile; fileRef = F55AB7632B111A3300FEB14F /* CongratulationsView.swift */; };
		F55AB7672B138CAE00FEB14F /* PacksListView.swift in Sources */ = {isa = PBXBuildFile; fileRef = F55AB7662B138CAE00FEB14F /* PacksListView.swift */; };
		F55AB7692B138CFE00FEB14F /* LetteriseTopView.swift in Sources */ = {isa = PBXBuildFile; fileRef = F55AB7682B138CFE00FEB14F /* LetteriseTopView.swift */; };
		F5AD742A2B09A7740062ED5F /* DSButton.swift in Sources */ = {isa = PBXBuildFile; fileRef = F5AD74292B09A7740062ED5F /* DSButton.swift */; };
		F5AD742C2B0ACAE50062ED5F /* KeyboardWordView.swift in Sources */ = {isa = PBXBuildFile; fileRef = F5AD742B2B0ACAE50062ED5F /* KeyboardWordView.swift */; };
		F5AD742E2B0ACB1B0062ED5F /* KeyboardLetterView.swift in Sources */ = {isa = PBXBuildFile; fileRef = F5AD742D2B0ACB1B0062ED5F /* KeyboardLetterView.swift */; };
		F5AD74342B0AD56F0062ED5F /* LettersHandler.swift in Sources */ = {isa = PBXBuildFile; fileRef = F5AD74332B0AD56F0062ED5F /* LettersHandler.swift */; };
		F5AD74362B0D13860062ED5F /* AnswerFeedbackView.swift in Sources */ = {isa = PBXBuildFile; fileRef = F5AD74352B0D13860062ED5F /* AnswerFeedbackView.swift */; };
		F5AD74382B0D21310062ED5F /* SoundPlayer.swift in Sources */ = {isa = PBXBuildFile; fileRef = F5AD74372B0D21310062ED5F /* SoundPlayer.swift */; };
		F5AF15AF2B092FF80027422A /* letteriseApp.swift in Sources */ = {isa = PBXBuildFile; fileRef = F5AF15AE2B092FF80027422A /* letteriseApp.swift */; };
		F5AF15B12B092FF80027422A /* ContentView.swift in Sources */ = {isa = PBXBuildFile; fileRef = F5AF15B02B092FF80027422A /* ContentView.swift */; };
		F5AF15B32B092FFB0027422A /* Assets.xcassets in Resources */ = {isa = PBXBuildFile; fileRef = F5AF15B22B092FFB0027422A /* Assets.xcassets */; };
		F5AF15B62B092FFB0027422A /* Preview Assets.xcassets in Resources */ = {isa = PBXBuildFile; fileRef = F5AF15B52B092FFB0027422A /* Preview Assets.xcassets */; };
		F5AF15C02B0931B60027422A /* LetterPack.swift in Sources */ = {isa = PBXBuildFile; fileRef = F5AF15BF2B0931B60027422A /* LetterPack.swift */; };
		F5AF15CF2B0944280027422A /* LetterPackTests.swift in Sources */ = {isa = PBXBuildFile; fileRef = F5AF15CE2B0944280027422A /* LetterPackTests.swift */; };
		F5AF15D12B09490D0027422A /* LetterPackViewModel.swift in Sources */ = {isa = PBXBuildFile; fileRef = F5AF15D02B09490D0027422A /* LetterPackViewModel.swift */; };
		F5AF15D32B094E230027422A /* LetterPackView.swift in Sources */ = {isa = PBXBuildFile; fileRef = F5AF15D22B094E230027422A /* LetterPackView.swift */; };
		F5AF15D62B0950980027422A /* AnswersView.swift in Sources */ = {isa = PBXBuildFile; fileRef = F5AF15D52B0950980027422A /* AnswersView.swift */; };
		F5AF15D82B09519E0027422A /* AnswerLetterView.swift in Sources */ = {isa = PBXBuildFile; fileRef = F5AF15D72B09519E0027422A /* AnswerLetterView.swift */; };
		F5AF15DB2B09521A0027422A /* BorderRadius.swift in Sources */ = {isa = PBXBuildFile; fileRef = F5AF15DA2B09521A0027422A /* BorderRadius.swift */; };
		F5AF15DD2B0952790027422A /* Tokens.swift in Sources */ = {isa = PBXBuildFile; fileRef = F5AF15DC2B0952790027422A /* Tokens.swift */; };
		F5AF15E02B09555C0027422A /* Colors.swift in Sources */ = {isa = PBXBuildFile; fileRef = F5AF15DF2B09555C0027422A /* Colors.swift */; };
		F5AF15E22B0957280027422A /* Border.swift in Sources */ = {isa = PBXBuildFile; fileRef = F5AF15E12B0957280027422A /* Border.swift */; };
		F5AF15E52B0959F70027422A /* DSText.swift in Sources */ = {isa = PBXBuildFile; fileRef = F5AF15E42B0959F60027422A /* DSText.swift */; };
		F5AF15E72B095B370027422A /* Fonts.swift in Sources */ = {isa = PBXBuildFile; fileRef = F5AF15E62B095B370027422A /* Fonts.swift */; };
		F5AF15E92B095CF10027422A /* AnswerWordView.swift in Sources */ = {isa = PBXBuildFile; fileRef = F5AF15E82B095CF10027422A /* AnswerWordView.swift */; };
		F5AF15EB2B09602F0027422A /* Padding.swift in Sources */ = {isa = PBXBuildFile; fileRef = F5AF15EA2B09602F0027422A /* Padding.swift */; };
		F5AF15EE2B0992030027422A /* KeyboardView.swift in Sources */ = {isa = PBXBuildFile; fileRef = F5AF15ED2B0992030027422A /* KeyboardView.swift */; };
		F5AF15F02B0993080027422A /* KeyboardViewModel.swift in Sources */ = {isa = PBXBuildFile; fileRef = F5AF15EF2B0993080027422A /* KeyboardViewModel.swift */; };
		F5D564B42B2246E00061D4FB /* TipView.swift in Sources */ = {isa = PBXBuildFile; fileRef = F5D564B32B2246E00061D4FB /* TipView.swift */; };
		F5D564B62B224B490061D4FB /* CoinCountView.swift in Sources */ = {isa = PBXBuildFile; fileRef = F5D564B52B224B490061D4FB /* CoinCountView.swift */; };
		F5D564B82B22510C0061D4FB /* TipButtonView.swift in Sources */ = {isa = PBXBuildFile; fileRef = F5D564B72B22510C0061D4FB /* TipButtonView.swift */; };
		F5D564BB2B2754320061D4FB /* HomeView.swift in Sources */ = {isa = PBXBuildFile; fileRef = F5D564BA2B2754320061D4FB /* HomeView.swift */; };
		F5D564BD2B2754ED0061D4FB /* HomeViewModel.swift in Sources */ = {isa = PBXBuildFile; fileRef = F5D564BC2B2754ED0061D4FB /* HomeViewModel.swift */; };
		F5D564BF2B275BAD0061D4FB /* OrangeWordView.swift in Sources */ = {isa = PBXBuildFile; fileRef = F5D564BE2B275BAD0061D4FB /* OrangeWordView.swift */; };
		F5F50B2E2B165BC7003F7B68 /* LetterPackRowView.swift in Sources */ = {isa = PBXBuildFile; fileRef = F5F50B2D2B165BC7003F7B68 /* LetterPackRowView.swift */; };
		F5F50B302B165D1E003F7B68 /* PacksListViewModel.swift in Sources */ = {isa = PBXBuildFile; fileRef = F5F50B2F2B165D1E003F7B68 /* PacksListViewModel.swift */; };
		F5F50B322B165D71003F7B68 /* LetterPackDisplay.swift in Sources */ = {isa = PBXBuildFile; fileRef = F5F50B312B165D71003F7B68 /* LetterPackDisplay.swift */; };
		F5F50B342B1663B4003F7B68 /* DSDisclosureGroup.swift in Sources */ = {isa = PBXBuildFile; fileRef = F5F50B332B1663B4003F7B68 /* DSDisclosureGroup.swift */; };
		FCC3FA690DE1D6CCBA7DE439 /* Pods_letteriseTests.framework in Frameworks */ = {isa = PBXBuildFile; fileRef = 5CFDE7C0AA3206B9539ADE95 /* Pods_letteriseTests.framework */; };
/* End PBXBuildFile section */

/* Begin PBXContainerItemProxy section */
		F5AF15C92B0944010027422A /* PBXContainerItemProxy */ = {
			isa = PBXContainerItemProxy;
			containerPortal = F5AF15A32B092FF80027422A /* Project object */;
			proxyType = 1;
			remoteGlobalIDString = F5AF15AA2B092FF80027422A;
			remoteInfo = letterise;
		};
/* End PBXContainerItemProxy section */

/* Begin PBXFileReference section */
		2FB01FB432967F7F2A992D32 /* Pods-letterise.release.xcconfig */ = {isa = PBXFileReference; includeInIndex = 1; lastKnownFileType = text.xcconfig; name = "Pods-letterise.release.xcconfig"; path = "Target Support Files/Pods-letterise/Pods-letterise.release.xcconfig"; sourceTree = "<group>"; };
		51DB2BE7A0ADD012EE574ACE /* Pods-letterise.debug.xcconfig */ = {isa = PBXFileReference; includeInIndex = 1; lastKnownFileType = text.xcconfig; name = "Pods-letterise.debug.xcconfig"; path = "Target Support Files/Pods-letterise/Pods-letterise.debug.xcconfig"; sourceTree = "<group>"; };
		5CFDE7C0AA3206B9539ADE95 /* Pods_letteriseTests.framework */ = {isa = PBXFileReference; explicitFileType = wrapper.framework; includeInIndex = 0; path = Pods_letteriseTests.framework; sourceTree = BUILT_PRODUCTS_DIR; };
		65B9F2594994A99E2BE5A00D /* Pods_letterise.framework */ = {isa = PBXFileReference; explicitFileType = wrapper.framework; includeInIndex = 0; path = Pods_letterise.framework; sourceTree = BUILT_PRODUCTS_DIR; };
		66CD69482BF20E23DBBE7D54 /* Pods-letteriseTests.debug.xcconfig */ = {isa = PBXFileReference; includeInIndex = 1; lastKnownFileType = text.xcconfig; name = "Pods-letteriseTests.debug.xcconfig"; path = "Target Support Files/Pods-letteriseTests/Pods-letteriseTests.debug.xcconfig"; sourceTree = "<group>"; };
		75E94C3BBE3DBECC77DEEAE5 /* Pods-letteriseTests.release.xcconfig */ = {isa = PBXFileReference; includeInIndex = 1; lastKnownFileType = text.xcconfig; name = "Pods-letteriseTests.release.xcconfig"; path = "Target Support Files/Pods-letteriseTests/Pods-letteriseTests.release.xcconfig"; sourceTree = "<group>"; };
		9D3DC8B22B2233E100AB1B68 /* GetCoinsViewModel.swift */ = {isa = PBXFileReference; fileEncoding = 4; lastKnownFileType = sourcecode.swift; path = GetCoinsViewModel.swift; sourceTree = "<group>"; };
		9D3DC8B32B2233E100AB1B68 /* GetCoinsView.swift */ = {isa = PBXFileReference; fileEncoding = 4; lastKnownFileType = sourcecode.swift; path = GetCoinsView.swift; sourceTree = "<group>"; };
		9D77C43E2B278BDA001586B1 /* RankingView.swift */ = {isa = PBXFileReference; lastKnownFileType = sourcecode.swift; path = RankingView.swift; sourceTree = "<group>"; };
		9D77C4412B279563001586B1 /* SettingsView.swift */ = {isa = PBXFileReference; lastKnownFileType = sourcecode.swift; path = SettingsView.swift; sourceTree = "<group>"; };
		9D95ED4D2B1FBD1500565340 /* GetCoinsRow.swift */ = {isa = PBXFileReference; lastKnownFileType = sourcecode.swift; path = GetCoinsRow.swift; sourceTree = "<group>"; };
		9D95ED592B1FBD7C00565340 /* RewardedAd.swift */ = {isa = PBXFileReference; fileEncoding = 4; lastKnownFileType = sourcecode.swift; path = RewardedAd.swift; sourceTree = "<group>"; };
		9D95ED5A2B1FBD7C00565340 /* BannerAd.swift */ = {isa = PBXFileReference; fileEncoding = 4; lastKnownFileType = sourcecode.swift; path = BannerAd.swift; sourceTree = "<group>"; };
		9D95ED5D2B1FE86100565340 /* StoreKit.framework */ = {isa = PBXFileReference; lastKnownFileType = wrapper.framework; name = StoreKit.framework; path = System/Library/Frameworks/StoreKit.framework; sourceTree = SDKROOT; };
		9D95ED5F2B1FE86E00565340 /* Letterise - Anagram game.storekit */ = {isa = PBXFileReference; lastKnownFileType = text; path = "Letterise - Anagram game.storekit"; sourceTree = "<group>"; };
		9D9603CB2B287D5A00F6F3DF /* NeedToLoginView.swift */ = {isa = PBXFileReference; lastKnownFileType = sourcecode.swift; path = NeedToLoginView.swift; sourceTree = "<group>"; };
		9DB152142B27405300C33DD0 /* RankingViewModel.swift */ = {isa = PBXFileReference; lastKnownFileType = sourcecode.swift; path = RankingViewModel.swift; sourceTree = "<group>"; };
		9DB152162B27408400C33DD0 /* RankingModel.swift */ = {isa = PBXFileReference; lastKnownFileType = sourcecode.swift; path = RankingModel.swift; sourceTree = "<group>"; };
		9DD9C2E92B2551E300852291 /* SetNicknameView.swift */ = {isa = PBXFileReference; lastKnownFileType = sourcecode.swift; path = SetNicknameView.swift; sourceTree = "<group>"; };
		9DE3E4BA2B1B43A2009E625D /* LoginView.swift */ = {isa = PBXFileReference; lastKnownFileType = sourcecode.swift; path = LoginView.swift; sourceTree = "<group>"; };
		9DE3E4BC2B1B486B009E625D /* letterise.entitlements */ = {isa = PBXFileReference; lastKnownFileType = text.plist.entitlements; path = letterise.entitlements; sourceTree = "<group>"; };
		9DE3E4C12B1B55A0009E625D /* AuthSingleton.swift */ = {isa = PBXFileReference; lastKnownFileType = sourcecode.swift; path = AuthSingleton.swift; sourceTree = "<group>"; };
		9DE3E4C42B1B56C6009E625D /* UserModel.swift */ = {isa = PBXFileReference; lastKnownFileType = sourcecode.swift; path = UserModel.swift; sourceTree = "<group>"; };
		DF0E22A62B0F7D8600DD4FAF /* StoreKit.swift */ = {isa = PBXFileReference; lastKnownFileType = sourcecode.swift; path = StoreKit.swift; sourceTree = "<group>"; };
		F55AB75C2B0D366C00FEB14F /* Incorrect.mp3 */ = {isa = PBXFileReference; lastKnownFileType = audio.mp3; path = Incorrect.mp3; sourceTree = "<group>"; };
		F55AB75D2B0D366C00FEB14F /* Correct.mp3 */ = {isa = PBXFileReference; lastKnownFileType = audio.mp3; path = Correct.mp3; sourceTree = "<group>"; };
		F55AB75E2B0D366C00FEB14F /* Tap.mp3 */ = {isa = PBXFileReference; lastKnownFileType = audio.mp3; path = Tap.mp3; sourceTree = "<group>"; };
		F55AB7632B111A3300FEB14F /* CongratulationsView.swift */ = {isa = PBXFileReference; lastKnownFileType = sourcecode.swift; path = CongratulationsView.swift; sourceTree = "<group>"; };
		F55AB7662B138CAE00FEB14F /* PacksListView.swift */ = {isa = PBXFileReference; lastKnownFileType = sourcecode.swift; path = PacksListView.swift; sourceTree = "<group>"; };
		F55AB7682B138CFE00FEB14F /* LetteriseTopView.swift */ = {isa = PBXFileReference; lastKnownFileType = sourcecode.swift; path = LetteriseTopView.swift; sourceTree = "<group>"; };
		F5AD74292B09A7740062ED5F /* DSButton.swift */ = {isa = PBXFileReference; lastKnownFileType = sourcecode.swift; path = DSButton.swift; sourceTree = "<group>"; };
		F5AD742B2B0ACAE50062ED5F /* KeyboardWordView.swift */ = {isa = PBXFileReference; lastKnownFileType = sourcecode.swift; path = KeyboardWordView.swift; sourceTree = "<group>"; };
		F5AD742D2B0ACB1B0062ED5F /* KeyboardLetterView.swift */ = {isa = PBXFileReference; lastKnownFileType = sourcecode.swift; path = KeyboardLetterView.swift; sourceTree = "<group>"; };
		F5AD74332B0AD56F0062ED5F /* LettersHandler.swift */ = {isa = PBXFileReference; lastKnownFileType = sourcecode.swift; path = LettersHandler.swift; sourceTree = "<group>"; };
		F5AD74352B0D13860062ED5F /* AnswerFeedbackView.swift */ = {isa = PBXFileReference; lastKnownFileType = sourcecode.swift; path = AnswerFeedbackView.swift; sourceTree = "<group>"; };
		F5AD74372B0D21310062ED5F /* SoundPlayer.swift */ = {isa = PBXFileReference; lastKnownFileType = sourcecode.swift; path = SoundPlayer.swift; sourceTree = "<group>"; };
		F5AF15AB2B092FF80027422A /* letterise.app */ = {isa = PBXFileReference; explicitFileType = wrapper.application; includeInIndex = 0; path = letterise.app; sourceTree = BUILT_PRODUCTS_DIR; };
		F5AF15AE2B092FF80027422A /* letteriseApp.swift */ = {isa = PBXFileReference; lastKnownFileType = sourcecode.swift; path = letteriseApp.swift; sourceTree = "<group>"; };
		F5AF15B02B092FF80027422A /* ContentView.swift */ = {isa = PBXFileReference; lastKnownFileType = sourcecode.swift; path = ContentView.swift; sourceTree = "<group>"; };
		F5AF15B22B092FFB0027422A /* Assets.xcassets */ = {isa = PBXFileReference; lastKnownFileType = folder.assetcatalog; path = Assets.xcassets; sourceTree = "<group>"; };
		F5AF15B52B092FFB0027422A /* Preview Assets.xcassets */ = {isa = PBXFileReference; lastKnownFileType = folder.assetcatalog; path = "Preview Assets.xcassets"; sourceTree = "<group>"; };
		F5AF15BF2B0931B60027422A /* LetterPack.swift */ = {isa = PBXFileReference; lastKnownFileType = sourcecode.swift; path = LetterPack.swift; sourceTree = "<group>"; };
		F5AF15C52B0944010027422A /* letteriseTests.xctest */ = {isa = PBXFileReference; explicitFileType = wrapper.cfbundle; includeInIndex = 0; path = letteriseTests.xctest; sourceTree = BUILT_PRODUCTS_DIR; };
		F5AF15CE2B0944280027422A /* LetterPackTests.swift */ = {isa = PBXFileReference; lastKnownFileType = sourcecode.swift; path = LetterPackTests.swift; sourceTree = "<group>"; };
		F5AF15D02B09490D0027422A /* LetterPackViewModel.swift */ = {isa = PBXFileReference; lastKnownFileType = sourcecode.swift; path = LetterPackViewModel.swift; sourceTree = "<group>"; };
		F5AF15D22B094E230027422A /* LetterPackView.swift */ = {isa = PBXFileReference; lastKnownFileType = sourcecode.swift; path = LetterPackView.swift; sourceTree = "<group>"; };
		F5AF15D52B0950980027422A /* AnswersView.swift */ = {isa = PBXFileReference; lastKnownFileType = sourcecode.swift; path = AnswersView.swift; sourceTree = "<group>"; };
		F5AF15D72B09519E0027422A /* AnswerLetterView.swift */ = {isa = PBXFileReference; lastKnownFileType = sourcecode.swift; path = AnswerLetterView.swift; sourceTree = "<group>"; };
		F5AF15DA2B09521A0027422A /* BorderRadius.swift */ = {isa = PBXFileReference; lastKnownFileType = sourcecode.swift; path = BorderRadius.swift; sourceTree = "<group>"; };
		F5AF15DC2B0952790027422A /* Tokens.swift */ = {isa = PBXFileReference; lastKnownFileType = sourcecode.swift; path = Tokens.swift; sourceTree = "<group>"; };
		F5AF15DE2B09552D0027422A /* Info.plist */ = {isa = PBXFileReference; lastKnownFileType = text.plist; path = Info.plist; sourceTree = "<group>"; };
		F5AF15DF2B09555C0027422A /* Colors.swift */ = {isa = PBXFileReference; lastKnownFileType = sourcecode.swift; path = Colors.swift; sourceTree = "<group>"; };
		F5AF15E12B0957280027422A /* Border.swift */ = {isa = PBXFileReference; lastKnownFileType = sourcecode.swift; path = Border.swift; sourceTree = "<group>"; };
		F5AF15E42B0959F60027422A /* DSText.swift */ = {isa = PBXFileReference; lastKnownFileType = sourcecode.swift; path = DSText.swift; sourceTree = "<group>"; };
		F5AF15E62B095B370027422A /* Fonts.swift */ = {isa = PBXFileReference; lastKnownFileType = sourcecode.swift; path = Fonts.swift; sourceTree = "<group>"; };
		F5AF15E82B095CF10027422A /* AnswerWordView.swift */ = {isa = PBXFileReference; lastKnownFileType = sourcecode.swift; path = AnswerWordView.swift; sourceTree = "<group>"; };
		F5AF15EA2B09602F0027422A /* Padding.swift */ = {isa = PBXFileReference; lastKnownFileType = sourcecode.swift; path = Padding.swift; sourceTree = "<group>"; };
		F5AF15ED2B0992030027422A /* KeyboardView.swift */ = {isa = PBXFileReference; lastKnownFileType = sourcecode.swift; path = KeyboardView.swift; sourceTree = "<group>"; };
		F5AF15EF2B0993080027422A /* KeyboardViewModel.swift */ = {isa = PBXFileReference; lastKnownFileType = sourcecode.swift; path = KeyboardViewModel.swift; sourceTree = "<group>"; };
		F5D564B32B2246E00061D4FB /* TipView.swift */ = {isa = PBXFileReference; lastKnownFileType = sourcecode.swift; path = TipView.swift; sourceTree = "<group>"; };
		F5D564B52B224B490061D4FB /* CoinCountView.swift */ = {isa = PBXFileReference; lastKnownFileType = sourcecode.swift; path = CoinCountView.swift; sourceTree = "<group>"; };
		F5D564B72B22510C0061D4FB /* TipButtonView.swift */ = {isa = PBXFileReference; lastKnownFileType = sourcecode.swift; path = TipButtonView.swift; sourceTree = "<group>"; };
		F5D564BA2B2754320061D4FB /* HomeView.swift */ = {isa = PBXFileReference; lastKnownFileType = sourcecode.swift; path = HomeView.swift; sourceTree = "<group>"; };
		F5D564BC2B2754ED0061D4FB /* HomeViewModel.swift */ = {isa = PBXFileReference; lastKnownFileType = sourcecode.swift; path = HomeViewModel.swift; sourceTree = "<group>"; };
		F5D564BE2B275BAD0061D4FB /* OrangeWordView.swift */ = {isa = PBXFileReference; lastKnownFileType = sourcecode.swift; path = OrangeWordView.swift; sourceTree = "<group>"; };
		F5F50B2D2B165BC7003F7B68 /* LetterPackRowView.swift */ = {isa = PBXFileReference; lastKnownFileType = sourcecode.swift; path = LetterPackRowView.swift; sourceTree = "<group>"; };
		F5F50B2F2B165D1E003F7B68 /* PacksListViewModel.swift */ = {isa = PBXFileReference; lastKnownFileType = sourcecode.swift; path = PacksListViewModel.swift; sourceTree = "<group>"; };
		F5F50B312B165D71003F7B68 /* LetterPackDisplay.swift */ = {isa = PBXFileReference; lastKnownFileType = sourcecode.swift; path = LetterPackDisplay.swift; sourceTree = "<group>"; };
		F5F50B332B1663B4003F7B68 /* DSDisclosureGroup.swift */ = {isa = PBXFileReference; lastKnownFileType = sourcecode.swift; path = DSDisclosureGroup.swift; sourceTree = "<group>"; };
/* End PBXFileReference section */

/* Begin PBXFrameworksBuildPhase section */
		F5AF15A82B092FF80027422A /* Frameworks */ = {
			isa = PBXFrameworksBuildPhase;
			buildActionMask = 2147483647;
			files = (
				4207D39A74061564F4B6EC6A /* Pods_letterise.framework in Frameworks */,
				9D95ED5E2B1FE86100565340 /* StoreKit.framework in Frameworks */,
			);
			runOnlyForDeploymentPostprocessing = 0;
		};
		F5AF15C22B0944010027422A /* Frameworks */ = {
			isa = PBXFrameworksBuildPhase;
			buildActionMask = 2147483647;
			files = (
				FCC3FA690DE1D6CCBA7DE439 /* Pods_letteriseTests.framework in Frameworks */,
			);
			runOnlyForDeploymentPostprocessing = 0;
		};
/* End PBXFrameworksBuildPhase section */

/* Begin PBXGroup section */
		0E28DAC3F60DA5C105C2C8CE /* Frameworks */ = {
			isa = PBXGroup;
			children = (
				9D95ED5D2B1FE86100565340 /* StoreKit.framework */,
				65B9F2594994A99E2BE5A00D /* Pods_letterise.framework */,
				5CFDE7C0AA3206B9539ADE95 /* Pods_letteriseTests.framework */,
			);
			name = Frameworks;
			sourceTree = "<group>";
		};
		646F908A6FAEB261CEDE852C /* Pods */ = {
			isa = PBXGroup;
			children = (
				51DB2BE7A0ADD012EE574ACE /* Pods-letterise.debug.xcconfig */,
				2FB01FB432967F7F2A992D32 /* Pods-letterise.release.xcconfig */,
				66CD69482BF20E23DBBE7D54 /* Pods-letteriseTests.debug.xcconfig */,
				75E94C3BBE3DBECC77DEEAE5 /* Pods-letteriseTests.release.xcconfig */,
			);
			path = Pods;
			sourceTree = "<group>";
		};
		9D77C4402B279557001586B1 /* Settings */ = {
			isa = PBXGroup;
			children = (
				9D77C4412B279563001586B1 /* SettingsView.swift */,
			);
			path = Settings;
			sourceTree = "<group>";
		};
		9D95ED482B1FBD0600565340 /* GetCoins */ = {
			isa = PBXGroup;
			children = (
				9D3DC8B32B2233E100AB1B68 /* GetCoinsView.swift */,
				9D3DC8B22B2233E100AB1B68 /* GetCoinsViewModel.swift */,
				9D95ED532B1FBD4500565340 /* Components */,
			);
			path = GetCoins;
			sourceTree = "<group>";
		};
		9D95ED532B1FBD4500565340 /* Components */ = {
			isa = PBXGroup;
			children = (
				9D95ED4D2B1FBD1500565340 /* GetCoinsRow.swift */,
			);
			path = Components;
			sourceTree = "<group>";
		};
		9D95ED542B1FBD5200565340 /* AdMob 2 */ = {
			isa = PBXGroup;
			children = (
				9D95ED5A2B1FBD7C00565340 /* BannerAd.swift */,
				9D95ED592B1FBD7C00565340 /* RewardedAd.swift */,
			);
			path = "AdMob 2";
			sourceTree = "<group>";
		};
		9D9603CA2B287D4F00F6F3DF /* NeedToLogin */ = {
			isa = PBXGroup;
			children = (
				9D9603CB2B287D5A00F6F3DF /* NeedToLoginView.swift */,
			);
			path = NeedToLogin;
			sourceTree = "<group>";
		};
		9DB152132B27404A00C33DD0 /* Ranking */ = {
			isa = PBXGroup;
			children = (
				9DB152142B27405300C33DD0 /* RankingViewModel.swift */,
				9D77C43E2B278BDA001586B1 /* RankingView.swift */,
			);
			path = Ranking;
			sourceTree = "<group>";
		};
		9DD9C2E82B2550EC00852291 /* SetNickName */ = {
			isa = PBXGroup;
			children = (
				9DD9C2E92B2551E300852291 /* SetNicknameView.swift */,
			);
			path = SetNickName;
			sourceTree = "<group>";
		};
		9DE3E4B92B1B4373009E625D /* Login */ = {
			isa = PBXGroup;
			children = (
				9DD9C2E82B2550EC00852291 /* SetNickName */,
				9DE3E4BA2B1B43A2009E625D /* LoginView.swift */,
			);
			path = Login;
			sourceTree = "<group>";
		};
		9DE3E4C02B1B5594009E625D /* Auth */ = {
			isa = PBXGroup;
			children = (
				9DE3E4C12B1B55A0009E625D /* AuthSingleton.swift */,
			);
			path = Auth;
			sourceTree = "<group>";
		};
		9DE3E4C32B1B56BE009E625D /* Model */ = {
			isa = PBXGroup;
			children = (
				9DE3E4C42B1B56C6009E625D /* UserModel.swift */,
				9DB152162B27408400C33DD0 /* RankingModel.swift */,
			);
			path = Model;
			sourceTree = "<group>";
		};
		DF0E22A52B0F7D7D00DD4FAF /* StoreKit */ = {
			isa = PBXGroup;
			children = (
				DF0E22A62B0F7D8600DD4FAF /* StoreKit.swift */,
			);
			path = StoreKit;
			sourceTree = "<group>";
		};
		F55AB75A2B0D364700FEB14F /* Resource */ = {
			isa = PBXGroup;
			children = (
				9D95ED542B1FBD5200565340 /* AdMob 2 */,
				9DE3E4C32B1B56BE009E625D /* Model */,
				9DE3E4C02B1B5594009E625D /* Auth */,
				DF0E22A52B0F7D7D00DD4FAF /* StoreKit */,
				F55AB75B2B0D365100FEB14F /* Sound */,
			);
			path = Resource;
			sourceTree = "<group>";
		};
		F55AB75B2B0D365100FEB14F /* Sound */ = {
			isa = PBXGroup;
			children = (
				F55AB75D2B0D366C00FEB14F /* Correct.mp3 */,
				F55AB75C2B0D366C00FEB14F /* Incorrect.mp3 */,
				F55AB75E2B0D366C00FEB14F /* Tap.mp3 */,
			);
			path = Sound;
			sourceTree = "<group>";
		};
		F55AB7622B111A0100FEB14F /* Congratulation */ = {
			isa = PBXGroup;
			children = (
				F55AB7632B111A3300FEB14F /* CongratulationsView.swift */,
			);
			path = Congratulation;
			sourceTree = "<group>";
		};
		F55AB7652B138C7F00FEB14F /* PacksList */ = {
			isa = PBXGroup;
			children = (
				F55AB7662B138CAE00FEB14F /* PacksListView.swift */,
				F5F50B2F2B165D1E003F7B68 /* PacksListViewModel.swift */,
				F5F50B312B165D71003F7B68 /* LetterPackDisplay.swift */,
			);
			path = PacksList;
			sourceTree = "<group>";
		};
		F5AF15A22B092FF80027422A = {
			isa = PBXGroup;
			children = (
				9D95ED5F2B1FE86E00565340 /* Letterise - Anagram game.storekit */,
				F5AF15AD2B092FF80027422A /* letterise */,
				F5AF15C62B0944010027422A /* letteriseTests */,
				F5AF15AC2B092FF80027422A /* Products */,
				646F908A6FAEB261CEDE852C /* Pods */,
				0E28DAC3F60DA5C105C2C8CE /* Frameworks */,
			);
			sourceTree = "<group>";
		};
		F5AF15AC2B092FF80027422A /* Products */ = {
			isa = PBXGroup;
			children = (
				F5AF15AB2B092FF80027422A /* letterise.app */,
				F5AF15C52B0944010027422A /* letteriseTests.xctest */,
			);
			name = Products;
			sourceTree = "<group>";
		};
		F5AF15AD2B092FF80027422A /* letterise */ = {
			isa = PBXGroup;
			children = (
				9DE3E4BC2B1B486B009E625D /* letterise.entitlements */,
				F55AB75A2B0D364700FEB14F /* Resource */,
				F5AF15DE2B09552D0027422A /* Info.plist */,
				F5AF15BD2B09313A0027422A /* Scene */,
				F5AF15BC2B0931300027422A /* Util */,
				F5AF15AE2B092FF80027422A /* letteriseApp.swift */,
				F5AF15B02B092FF80027422A /* ContentView.swift */,
				F5AF15B22B092FFB0027422A /* Assets.xcassets */,
				F5AF15B42B092FFB0027422A /* Preview Content */,
			);
			path = letterise;
			sourceTree = "<group>";
		};
		F5AF15B42B092FFB0027422A /* Preview Content */ = {
			isa = PBXGroup;
			children = (
				F5AF15B52B092FFB0027422A /* Preview Assets.xcassets */,
			);
			path = "Preview Content";
			sourceTree = "<group>";
		};
		F5AF15BC2B0931300027422A /* Util */ = {
			isa = PBXGroup;
			children = (
				F5AF15D92B0951FA0027422A /* DesignSystem */,
				F5AD74332B0AD56F0062ED5F /* LettersHandler.swift */,
				F5AD74372B0D21310062ED5F /* SoundPlayer.swift */,
			);
			path = Util;
			sourceTree = "<group>";
		};
		F5AF15BD2B09313A0027422A /* Scene */ = {
			isa = PBXGroup;
			children = (
				9D9603CA2B287D4F00F6F3DF /* NeedToLogin */,
				9D77C4402B279557001586B1 /* Settings */,
				F5D564B92B27541F0061D4FB /* Home */,
				9DB152132B27404A00C33DD0 /* Ranking */,
				9D95ED482B1FBD0600565340 /* GetCoins */,
				9DE3E4B92B1B4373009E625D /* Login */,
				F55AB7652B138C7F00FEB14F /* PacksList */,
				F55AB7622B111A0100FEB14F /* Congratulation */,
				F5AF15BE2B09317D0027422A /* LetterPack */,
			);
			path = Scene;
			sourceTree = "<group>";
		};
		F5AF15BE2B09317D0027422A /* LetterPack */ = {
			isa = PBXGroup;
			children = (
				F5AF15BF2B0931B60027422A /* LetterPack.swift */,
				F5AF15D02B09490D0027422A /* LetterPackViewModel.swift */,
				F5AF15D22B094E230027422A /* LetterPackView.swift */,
			);
			path = LetterPack;
			sourceTree = "<group>";
		};
		F5AF15C62B0944010027422A /* letteriseTests */ = {
			isa = PBXGroup;
			children = (
				F5AF15CE2B0944280027422A /* LetterPackTests.swift */,
			);
			path = letteriseTests;
			sourceTree = "<group>";
		};
		F5AF15D42B09504E0027422A /* Component */ = {
			isa = PBXGroup;
			children = (
				F5D564B22B2246CD0061D4FB /* Tip */,
				F5F50B352B1663CC003F7B68 /* Base */,
				F5F50B2C2B165A3B003F7B68 /* LetterPacksList */,
				F5F50B2B2B165989003F7B68 /* Answer */,
				F5AF15EC2B098E700027422A /* UserInput */,
				F5AD74352B0D13860062ED5F /* AnswerFeedbackView.swift */,
				F55AB7682B138CFE00FEB14F /* LetteriseTopView.swift */,
				F5D564B52B224B490061D4FB /* CoinCountView.swift */,
				F5D564BE2B275BAD0061D4FB /* OrangeWordView.swift */,
			);
			path = Component;
			sourceTree = "<group>";
		};
		F5AF15D92B0951FA0027422A /* DesignSystem */ = {
			isa = PBXGroup;
			children = (
				F5AF15D42B09504E0027422A /* Component */,
				F5AF15E32B0959110027422A /* Tokens */,
			);
			path = DesignSystem;
			sourceTree = "<group>";
		};
		F5AF15E32B0959110027422A /* Tokens */ = {
			isa = PBXGroup;
			children = (
				F5AF15DA2B09521A0027422A /* BorderRadius.swift */,
				F5AF15DC2B0952790027422A /* Tokens.swift */,
				F5AF15DF2B09555C0027422A /* Colors.swift */,
				F5AF15E12B0957280027422A /* Border.swift */,
				F5AF15E62B095B370027422A /* Fonts.swift */,
				F5AF15EA2B09602F0027422A /* Padding.swift */,
			);
			path = Tokens;
			sourceTree = "<group>";
		};
		F5AF15EC2B098E700027422A /* UserInput */ = {
			isa = PBXGroup;
			children = (
				F5AF15ED2B0992030027422A /* KeyboardView.swift */,
				F5AF15EF2B0993080027422A /* KeyboardViewModel.swift */,
				F5AD742B2B0ACAE50062ED5F /* KeyboardWordView.swift */,
				F5AD742D2B0ACB1B0062ED5F /* KeyboardLetterView.swift */,
			);
			path = UserInput;
			sourceTree = "<group>";
		};
		F5D564B22B2246CD0061D4FB /* Tip */ = {
			isa = PBXGroup;
			children = (
				F5D564B32B2246E00061D4FB /* TipView.swift */,
				F5D564B72B22510C0061D4FB /* TipButtonView.swift */,
			);
			path = Tip;
			sourceTree = "<group>";
		};
		F5D564B92B27541F0061D4FB /* Home */ = {
			isa = PBXGroup;
			children = (
				F5D564BA2B2754320061D4FB /* HomeView.swift */,
				F5D564BC2B2754ED0061D4FB /* HomeViewModel.swift */,
			);
			path = Home;
			sourceTree = "<group>";
		};
		F5F50B2B2B165989003F7B68 /* Answer */ = {
			isa = PBXGroup;
			children = (
				F5AF15D52B0950980027422A /* AnswersView.swift */,
				F5AF15D72B09519E0027422A /* AnswerLetterView.swift */,
				F5AF15E82B095CF10027422A /* AnswerWordView.swift */,
			);
			path = Answer;
			sourceTree = "<group>";
		};
		F5F50B2C2B165A3B003F7B68 /* LetterPacksList */ = {
			isa = PBXGroup;
			children = (
				F5F50B2D2B165BC7003F7B68 /* LetterPackRowView.swift */,
			);
			path = LetterPacksList;
			sourceTree = "<group>";
		};
		F5F50B352B1663CC003F7B68 /* Base */ = {
			isa = PBXGroup;
			children = (
				F5AF15E42B0959F60027422A /* DSText.swift */,
				F5AD74292B09A7740062ED5F /* DSButton.swift */,
				F5F50B332B1663B4003F7B68 /* DSDisclosureGroup.swift */,
			);
			path = Base;
			sourceTree = "<group>";
		};
/* End PBXGroup section */

/* Begin PBXNativeTarget section */
		F5AF15AA2B092FF80027422A /* letterise */ = {
			isa = PBXNativeTarget;
			buildConfigurationList = F5AF15B92B092FFB0027422A /* Build configuration list for PBXNativeTarget "letterise" */;
			buildPhases = (
				8FF595D09F5AB32B03C432EB /* [CP] Check Pods Manifest.lock */,
				F5AF15A72B092FF80027422A /* Sources */,
				F5AF15A82B092FF80027422A /* Frameworks */,
				F5AF15A92B092FF80027422A /* Resources */,
				C1C0203AA570C0F0C0CD52B9 /* [CP] Embed Pods Frameworks */,
			);
			buildRules = (
			);
			dependencies = (
			);
			name = letterise;
			productName = letterise;
			productReference = F5AF15AB2B092FF80027422A /* letterise.app */;
			productType = "com.apple.product-type.application";
		};
		F5AF15C42B0944010027422A /* letteriseTests */ = {
			isa = PBXNativeTarget;
			buildConfigurationList = F5AF15CB2B0944010027422A /* Build configuration list for PBXNativeTarget "letteriseTests" */;
			buildPhases = (
				1EE43440827E2A6DB6EB5B17 /* [CP] Check Pods Manifest.lock */,
				F5AF15C12B0944010027422A /* Sources */,
				F5AF15C22B0944010027422A /* Frameworks */,
				F5AF15C32B0944010027422A /* Resources */,
			);
			buildRules = (
			);
			dependencies = (
				F5AF15CA2B0944010027422A /* PBXTargetDependency */,
			);
			name = letteriseTests;
			productName = letteriseTests;
			productReference = F5AF15C52B0944010027422A /* letteriseTests.xctest */;
			productType = "com.apple.product-type.bundle.unit-test";
		};
/* End PBXNativeTarget section */

/* Begin PBXProject section */
		F5AF15A32B092FF80027422A /* Project object */ = {
			isa = PBXProject;
			attributes = {
				BuildIndependentTargetsInParallel = 1;
				LastSwiftUpdateCheck = 1500;
				LastUpgradeCheck = 1500;
				TargetAttributes = {
					F5AF15AA2B092FF80027422A = {
						CreatedOnToolsVersion = 15.0;
					};
					F5AF15C42B0944010027422A = {
						CreatedOnToolsVersion = 15.0;
						TestTargetID = F5AF15AA2B092FF80027422A;
					};
				};
			};
			buildConfigurationList = F5AF15A62B092FF80027422A /* Build configuration list for PBXProject "letterise" */;
			compatibilityVersion = "Xcode 14.0";
			developmentRegion = en;
			hasScannedForEncodings = 0;
			knownRegions = (
				en,
				Base,
			);
			mainGroup = F5AF15A22B092FF80027422A;
			productRefGroup = F5AF15AC2B092FF80027422A /* Products */;
			projectDirPath = "";
			projectRoot = "";
			targets = (
				F5AF15AA2B092FF80027422A /* letterise */,
				F5AF15C42B0944010027422A /* letteriseTests */,
			);
		};
/* End PBXProject section */

/* Begin PBXResourcesBuildPhase section */
		F5AF15A92B092FF80027422A /* Resources */ = {
			isa = PBXResourcesBuildPhase;
			buildActionMask = 2147483647;
			files = (
				F55AB75F2B0D366C00FEB14F /* Incorrect.mp3 in Resources */,
				F5AF15B62B092FFB0027422A /* Preview Assets.xcassets in Resources */,
				F5AF15B32B092FFB0027422A /* Assets.xcassets in Resources */,
				F55AB7602B0D366C00FEB14F /* Correct.mp3 in Resources */,
				F55AB7612B0D366C00FEB14F /* Tap.mp3 in Resources */,
			);
			runOnlyForDeploymentPostprocessing = 0;
		};
		F5AF15C32B0944010027422A /* Resources */ = {
			isa = PBXResourcesBuildPhase;
			buildActionMask = 2147483647;
			files = (
			);
			runOnlyForDeploymentPostprocessing = 0;
		};
/* End PBXResourcesBuildPhase section */

/* Begin PBXShellScriptBuildPhase section */
		1EE43440827E2A6DB6EB5B17 /* [CP] Check Pods Manifest.lock */ = {
			isa = PBXShellScriptBuildPhase;
			buildActionMask = 2147483647;
			files = (
			);
			inputFileListPaths = (
			);
			inputPaths = (
				"${PODS_PODFILE_DIR_PATH}/Podfile.lock",
				"${PODS_ROOT}/Manifest.lock",
			);
			name = "[CP] Check Pods Manifest.lock";
			outputFileListPaths = (
			);
			outputPaths = (
				"$(DERIVED_FILE_DIR)/Pods-letteriseTests-checkManifestLockResult.txt",
			);
			runOnlyForDeploymentPostprocessing = 0;
			shellPath = /bin/sh;
			shellScript = "diff \"${PODS_PODFILE_DIR_PATH}/Podfile.lock\" \"${PODS_ROOT}/Manifest.lock\" > /dev/null\nif [ $? != 0 ] ; then\n    # print error to STDERR\n    echo \"error: The sandbox is not in sync with the Podfile.lock. Run 'pod install' or update your CocoaPods installation.\" >&2\n    exit 1\nfi\n# This output is used by Xcode 'outputs' to avoid re-running this script phase.\necho \"SUCCESS\" > \"${SCRIPT_OUTPUT_FILE_0}\"\n";
			showEnvVarsInLog = 0;
		};
		8FF595D09F5AB32B03C432EB /* [CP] Check Pods Manifest.lock */ = {
			isa = PBXShellScriptBuildPhase;
			buildActionMask = 2147483647;
			files = (
			);
			inputFileListPaths = (
			);
			inputPaths = (
				"${PODS_PODFILE_DIR_PATH}/Podfile.lock",
				"${PODS_ROOT}/Manifest.lock",
			);
			name = "[CP] Check Pods Manifest.lock";
			outputFileListPaths = (
			);
			outputPaths = (
				"$(DERIVED_FILE_DIR)/Pods-letterise-checkManifestLockResult.txt",
			);
			runOnlyForDeploymentPostprocessing = 0;
			shellPath = /bin/sh;
			shellScript = "diff \"${PODS_PODFILE_DIR_PATH}/Podfile.lock\" \"${PODS_ROOT}/Manifest.lock\" > /dev/null\nif [ $? != 0 ] ; then\n    # print error to STDERR\n    echo \"error: The sandbox is not in sync with the Podfile.lock. Run 'pod install' or update your CocoaPods installation.\" >&2\n    exit 1\nfi\n# This output is used by Xcode 'outputs' to avoid re-running this script phase.\necho \"SUCCESS\" > \"${SCRIPT_OUTPUT_FILE_0}\"\n";
			showEnvVarsInLog = 0;
		};
		C1C0203AA570C0F0C0CD52B9 /* [CP] Embed Pods Frameworks */ = {
			isa = PBXShellScriptBuildPhase;
			buildActionMask = 2147483647;
			files = (
			);
			inputFileListPaths = (
				"${PODS_ROOT}/Target Support Files/Pods-letterise/Pods-letterise-frameworks-${CONFIGURATION}-input-files.xcfilelist",
			);
			name = "[CP] Embed Pods Frameworks";
			outputFileListPaths = (
				"${PODS_ROOT}/Target Support Files/Pods-letterise/Pods-letterise-frameworks-${CONFIGURATION}-output-files.xcfilelist",
			);
			runOnlyForDeploymentPostprocessing = 0;
			shellPath = /bin/sh;
			shellScript = "\"${PODS_ROOT}/Target Support Files/Pods-letterise/Pods-letterise-frameworks.sh\"\n";
			showEnvVarsInLog = 0;
		};
/* End PBXShellScriptBuildPhase section */

/* Begin PBXSourcesBuildPhase section */
		F5AF15A72B092FF80027422A /* Sources */ = {
			isa = PBXSourcesBuildPhase;
			buildActionMask = 2147483647;
			files = (
				9D77C43F2B278BDA001586B1 /* RankingView.swift in Sources */,
				F5F50B2E2B165BC7003F7B68 /* LetterPackRowView.swift in Sources */,
				F5F50B302B165D1E003F7B68 /* PacksListViewModel.swift in Sources */,
				F5AF15B12B092FF80027422A /* ContentView.swift in Sources */,
				F5AD74342B0AD56F0062ED5F /* LettersHandler.swift in Sources */,
				F5AF15E22B0957280027422A /* Border.swift in Sources */,
				F5D564B62B224B490061D4FB /* CoinCountView.swift in Sources */,
				F5AF15EB2B09602F0027422A /* Padding.swift in Sources */,
				9DB152172B27408400C33DD0 /* RankingModel.swift in Sources */,
				F55AB7642B111A3300FEB14F /* CongratulationsView.swift in Sources */,
				F5D564B82B22510C0061D4FB /* TipButtonView.swift in Sources */,
				F5AF15E92B095CF10027422A /* AnswerWordView.swift in Sources */,
				9DE3E4C52B1B56C6009E625D /* UserModel.swift in Sources */,
				9DB152152B27405300C33DD0 /* RankingViewModel.swift in Sources */,
				F5AF15E02B09555C0027422A /* Colors.swift in Sources */,
				9D77C4422B279563001586B1 /* SettingsView.swift in Sources */,
				DF0E22A72B0F7D8600DD4FAF /* StoreKit.swift in Sources */,
				9DD9C2EA2B2551E300852291 /* SetNicknameView.swift in Sources */,
				F5AF15E52B0959F70027422A /* DSText.swift in Sources */,
				F55AB7672B138CAE00FEB14F /* PacksListView.swift in Sources */,
				F5D564BF2B275BAD0061D4FB /* OrangeWordView.swift in Sources */,
				9D95ED5B2B1FBD7D00565340 /* RewardedAd.swift in Sources */,
				F5AF15D32B094E230027422A /* LetterPackView.swift in Sources */,
				9D3DC8B42B2233E100AB1B68 /* GetCoinsViewModel.swift in Sources */,
				F5D564BB2B2754320061D4FB /* HomeView.swift in Sources */,
				F5AD742E2B0ACB1B0062ED5F /* KeyboardLetterView.swift in Sources */,
				F5AF15D82B09519E0027422A /* AnswerLetterView.swift in Sources */,
				F5AF15DB2B09521A0027422A /* BorderRadius.swift in Sources */,
				F5AD74382B0D21310062ED5F /* SoundPlayer.swift in Sources */,
				F5AF15EE2B0992030027422A /* KeyboardView.swift in Sources */,
				F5AF15E72B095B370027422A /* Fonts.swift in Sources */,
				F5AF15C02B0931B60027422A /* LetterPack.swift in Sources */,
				F5AF15AF2B092FF80027422A /* letteriseApp.swift in Sources */,
				9D9603CC2B287D5A00F6F3DF /* NeedToLoginView.swift in Sources */,
				F5D564B42B2246E00061D4FB /* TipView.swift in Sources */,
				F55AB7692B138CFE00FEB14F /* LetteriseTopView.swift in Sources */,
				9D95ED4E2B1FBD1500565340 /* GetCoinsRow.swift in Sources */,
				F5AD74362B0D13860062ED5F /* AnswerFeedbackView.swift in Sources */,
				F5AF15F02B0993080027422A /* KeyboardViewModel.swift in Sources */,
				F5F50B322B165D71003F7B68 /* LetterPackDisplay.swift in Sources */,
				F5AF15D62B0950980027422A /* AnswersView.swift in Sources */,
				F5AF15D12B09490D0027422A /* LetterPackViewModel.swift in Sources */,
				F5AD742A2B09A7740062ED5F /* DSButton.swift in Sources */,
				9DE3E4C22B1B55A0009E625D /* AuthSingleton.swift in Sources */,
				F5F50B342B1663B4003F7B68 /* DSDisclosureGroup.swift in Sources */,
				9D95ED5C2B1FBD7D00565340 /* BannerAd.swift in Sources */,
				F5D564BD2B2754ED0061D4FB /* HomeViewModel.swift in Sources */,
				9D3DC8B52B2233E100AB1B68 /* GetCoinsView.swift in Sources */,
				9DE3E4BB2B1B43A2009E625D /* LoginView.swift in Sources */,
				F5AD742C2B0ACAE50062ED5F /* KeyboardWordView.swift in Sources */,
				F5AF15DD2B0952790027422A /* Tokens.swift in Sources */,
			);
			runOnlyForDeploymentPostprocessing = 0;
		};
		F5AF15C12B0944010027422A /* Sources */ = {
			isa = PBXSourcesBuildPhase;
			buildActionMask = 2147483647;
			files = (
				F5AF15CF2B0944280027422A /* LetterPackTests.swift in Sources */,
			);
			runOnlyForDeploymentPostprocessing = 0;
		};
/* End PBXSourcesBuildPhase section */

/* Begin PBXTargetDependency section */
		F5AF15CA2B0944010027422A /* PBXTargetDependency */ = {
			isa = PBXTargetDependency;
			target = F5AF15AA2B092FF80027422A /* letterise */;
			targetProxy = F5AF15C92B0944010027422A /* PBXContainerItemProxy */;
		};
/* End PBXTargetDependency section */

/* Begin XCBuildConfiguration section */
		F5AF15B72B092FFB0027422A /* Debug */ = {
			isa = XCBuildConfiguration;
			buildSettings = {
				ALWAYS_SEARCH_USER_PATHS = NO;
				ASSETCATALOG_COMPILER_GENERATE_SWIFT_ASSET_SYMBOL_EXTENSIONS = YES;
				CLANG_ANALYZER_NONNULL = YES;
				CLANG_ANALYZER_NUMBER_OBJECT_CONVERSION = YES_AGGRESSIVE;
				CLANG_CXX_LANGUAGE_STANDARD = "gnu++20";
				CLANG_ENABLE_MODULES = YES;
				CLANG_ENABLE_OBJC_ARC = YES;
				CLANG_ENABLE_OBJC_WEAK = YES;
				CLANG_WARN_BLOCK_CAPTURE_AUTORELEASING = YES;
				CLANG_WARN_BOOL_CONVERSION = YES;
				CLANG_WARN_COMMA = YES;
				CLANG_WARN_CONSTANT_CONVERSION = YES;
				CLANG_WARN_DEPRECATED_OBJC_IMPLEMENTATIONS = YES;
				CLANG_WARN_DIRECT_OBJC_ISA_USAGE = YES_ERROR;
				CLANG_WARN_DOCUMENTATION_COMMENTS = YES;
				CLANG_WARN_EMPTY_BODY = YES;
				CLANG_WARN_ENUM_CONVERSION = YES;
				CLANG_WARN_INFINITE_RECURSION = YES;
				CLANG_WARN_INT_CONVERSION = YES;
				CLANG_WARN_NON_LITERAL_NULL_CONVERSION = YES;
				CLANG_WARN_OBJC_IMPLICIT_RETAIN_SELF = YES;
				CLANG_WARN_OBJC_LITERAL_CONVERSION = YES;
				CLANG_WARN_OBJC_ROOT_CLASS = YES_ERROR;
				CLANG_WARN_QUOTED_INCLUDE_IN_FRAMEWORK_HEADER = YES;
				CLANG_WARN_RANGE_LOOP_ANALYSIS = YES;
				CLANG_WARN_STRICT_PROTOTYPES = YES;
				CLANG_WARN_SUSPICIOUS_MOVE = YES;
				CLANG_WARN_UNGUARDED_AVAILABILITY = YES_AGGRESSIVE;
				CLANG_WARN_UNREACHABLE_CODE = YES;
				CLANG_WARN__DUPLICATE_METHOD_MATCH = YES;
				COPY_PHASE_STRIP = NO;
				DEBUG_INFORMATION_FORMAT = dwarf;
				ENABLE_STRICT_OBJC_MSGSEND = YES;
				ENABLE_TESTABILITY = YES;
				ENABLE_USER_SCRIPT_SANDBOXING = YES;
				GCC_C_LANGUAGE_STANDARD = gnu17;
				GCC_DYNAMIC_NO_PIC = NO;
				GCC_NO_COMMON_BLOCKS = YES;
				GCC_OPTIMIZATION_LEVEL = 0;
				GCC_PREPROCESSOR_DEFINITIONS = (
					"DEBUG=1",
					"$(inherited)",
				);
				GCC_WARN_64_TO_32_BIT_CONVERSION = YES;
				GCC_WARN_ABOUT_RETURN_TYPE = YES_ERROR;
				GCC_WARN_UNDECLARED_SELECTOR = YES;
				GCC_WARN_UNINITIALIZED_AUTOS = YES_AGGRESSIVE;
				GCC_WARN_UNUSED_FUNCTION = YES;
				GCC_WARN_UNUSED_VARIABLE = YES;
				IPHONEOS_DEPLOYMENT_TARGET = 17.0;
				LOCALIZATION_PREFERS_STRING_CATALOGS = YES;
				MTL_ENABLE_DEBUG_INFO = INCLUDE_SOURCE;
				MTL_FAST_MATH = YES;
				ONLY_ACTIVE_ARCH = YES;
				SDKROOT = iphoneos;
				SWIFT_ACTIVE_COMPILATION_CONDITIONS = "DEBUG $(inherited)";
				SWIFT_OPTIMIZATION_LEVEL = "-Onone";
			};
			name = Debug;
		};
		F5AF15B82B092FFB0027422A /* Release */ = {
			isa = XCBuildConfiguration;
			buildSettings = {
				ALWAYS_SEARCH_USER_PATHS = NO;
				ASSETCATALOG_COMPILER_GENERATE_SWIFT_ASSET_SYMBOL_EXTENSIONS = YES;
				CLANG_ANALYZER_NONNULL = YES;
				CLANG_ANALYZER_NUMBER_OBJECT_CONVERSION = YES_AGGRESSIVE;
				CLANG_CXX_LANGUAGE_STANDARD = "gnu++20";
				CLANG_ENABLE_MODULES = YES;
				CLANG_ENABLE_OBJC_ARC = YES;
				CLANG_ENABLE_OBJC_WEAK = YES;
				CLANG_WARN_BLOCK_CAPTURE_AUTORELEASING = YES;
				CLANG_WARN_BOOL_CONVERSION = YES;
				CLANG_WARN_COMMA = YES;
				CLANG_WARN_CONSTANT_CONVERSION = YES;
				CLANG_WARN_DEPRECATED_OBJC_IMPLEMENTATIONS = YES;
				CLANG_WARN_DIRECT_OBJC_ISA_USAGE = YES_ERROR;
				CLANG_WARN_DOCUMENTATION_COMMENTS = YES;
				CLANG_WARN_EMPTY_BODY = YES;
				CLANG_WARN_ENUM_CONVERSION = YES;
				CLANG_WARN_INFINITE_RECURSION = YES;
				CLANG_WARN_INT_CONVERSION = YES;
				CLANG_WARN_NON_LITERAL_NULL_CONVERSION = YES;
				CLANG_WARN_OBJC_IMPLICIT_RETAIN_SELF = YES;
				CLANG_WARN_OBJC_LITERAL_CONVERSION = YES;
				CLANG_WARN_OBJC_ROOT_CLASS = YES_ERROR;
				CLANG_WARN_QUOTED_INCLUDE_IN_FRAMEWORK_HEADER = YES;
				CLANG_WARN_RANGE_LOOP_ANALYSIS = YES;
				CLANG_WARN_STRICT_PROTOTYPES = YES;
				CLANG_WARN_SUSPICIOUS_MOVE = YES;
				CLANG_WARN_UNGUARDED_AVAILABILITY = YES_AGGRESSIVE;
				CLANG_WARN_UNREACHABLE_CODE = YES;
				CLANG_WARN__DUPLICATE_METHOD_MATCH = YES;
				COPY_PHASE_STRIP = NO;
				DEBUG_INFORMATION_FORMAT = "dwarf-with-dsym";
				ENABLE_NS_ASSERTIONS = NO;
				ENABLE_STRICT_OBJC_MSGSEND = YES;
				ENABLE_USER_SCRIPT_SANDBOXING = YES;
				GCC_C_LANGUAGE_STANDARD = gnu17;
				GCC_NO_COMMON_BLOCKS = YES;
				GCC_WARN_64_TO_32_BIT_CONVERSION = YES;
				GCC_WARN_ABOUT_RETURN_TYPE = YES_ERROR;
				GCC_WARN_UNDECLARED_SELECTOR = YES;
				GCC_WARN_UNINITIALIZED_AUTOS = YES_AGGRESSIVE;
				GCC_WARN_UNUSED_FUNCTION = YES;
				GCC_WARN_UNUSED_VARIABLE = YES;
				IPHONEOS_DEPLOYMENT_TARGET = 17.0;
				LOCALIZATION_PREFERS_STRING_CATALOGS = YES;
				MTL_ENABLE_DEBUG_INFO = NO;
				MTL_FAST_MATH = YES;
				SDKROOT = iphoneos;
				SWIFT_COMPILATION_MODE = wholemodule;
				VALIDATE_PRODUCT = YES;
			};
			name = Release;
		};
		F5AF15BA2B092FFB0027422A /* Debug */ = {
			isa = XCBuildConfiguration;
			baseConfigurationReference = 51DB2BE7A0ADD012EE574ACE /* Pods-letterise.debug.xcconfig */;
			buildSettings = {
				ASSETCATALOG_COMPILER_APPICON_NAME = AppIcon;
				ASSETCATALOG_COMPILER_GLOBAL_ACCENT_COLOR_NAME = AccentColor;
				CODE_SIGN_ENTITLEMENTS = letterise/letterise.entitlements;
				CODE_SIGN_STYLE = Automatic;
				CURRENT_PROJECT_VERSION = 2;
				DEVELOPMENT_ASSET_PATHS = "\"letterise/Preview Content\"";
				DEVELOPMENT_TEAM = 6525BU9D84;
				ENABLE_PREVIEWS = YES;
				ENABLE_USER_SCRIPT_SANDBOXING = NO;
				GENERATE_INFOPLIST_FILE = YES;
				INFOPLIST_FILE = letterise/Info.plist;
				INFOPLIST_KEY_CFBundleDisplayName = letterise;
				INFOPLIST_KEY_LSApplicationCategoryType = "public.app-category.word-games";
				INFOPLIST_KEY_UIApplicationSceneManifest_Generation = YES;
				INFOPLIST_KEY_UIApplicationSupportsIndirectInputEvents = YES;
				INFOPLIST_KEY_UILaunchScreen_Generation = YES;
				INFOPLIST_KEY_UIStatusBarHidden = YES;
				INFOPLIST_KEY_UIStatusBarStyle = "";
				INFOPLIST_KEY_UISupportedInterfaceOrientations = UIInterfaceOrientationPortrait;
				INFOPLIST_KEY_UISupportedInterfaceOrientations_iPad = "UIInterfaceOrientationLandscapeLeft UIInterfaceOrientationLandscapeRight UIInterfaceOrientationPortrait UIInterfaceOrientationPortraitUpsideDown";
				INFOPLIST_KEY_UIUserInterfaceStyle = Light;
				IPHONEOS_DEPLOYMENT_TARGET = 16.0;
				LD_RUNPATH_SEARCH_PATHS = (
					"$(inherited)",
					"@executable_path/Frameworks",
				);
				MARKETING_VERSION = 1.1;
				PRODUCT_BUNDLE_IDENTIFIER = com.game.letterise;
				PRODUCT_NAME = "$(TARGET_NAME)";
				SUPPORTED_PLATFORMS = "iphoneos iphonesimulator";
				SUPPORTS_MACCATALYST = NO;
				SUPPORTS_MAC_DESIGNED_FOR_IPHONE_IPAD = NO;
				SWIFT_EMIT_LOC_STRINGS = YES;
				SWIFT_VERSION = 5.0;
				TARGETED_DEVICE_FAMILY = 1;
			};
			name = Debug;
		};
		F5AF15BB2B092FFB0027422A /* Release */ = {
			isa = XCBuildConfiguration;
			baseConfigurationReference = 2FB01FB432967F7F2A992D32 /* Pods-letterise.release.xcconfig */;
			buildSettings = {
				ASSETCATALOG_COMPILER_APPICON_NAME = AppIcon;
				ASSETCATALOG_COMPILER_GLOBAL_ACCENT_COLOR_NAME = AccentColor;
				CODE_SIGN_ENTITLEMENTS = letterise/letterise.entitlements;
				CODE_SIGN_STYLE = Automatic;
				CURRENT_PROJECT_VERSION = 2;
				DEVELOPMENT_ASSET_PATHS = "\"letterise/Preview Content\"";
				DEVELOPMENT_TEAM = 6525BU9D84;
				ENABLE_PREVIEWS = YES;
				ENABLE_USER_SCRIPT_SANDBOXING = NO;
				GENERATE_INFOPLIST_FILE = YES;
				INFOPLIST_FILE = letterise/Info.plist;
				INFOPLIST_KEY_CFBundleDisplayName = letterise;
				INFOPLIST_KEY_LSApplicationCategoryType = "public.app-category.word-games";
				INFOPLIST_KEY_UIApplicationSceneManifest_Generation = YES;
				INFOPLIST_KEY_UIApplicationSupportsIndirectInputEvents = YES;
				INFOPLIST_KEY_UILaunchScreen_Generation = YES;
				INFOPLIST_KEY_UIStatusBarHidden = YES;
				INFOPLIST_KEY_UIStatusBarStyle = "";
				INFOPLIST_KEY_UISupportedInterfaceOrientations = UIInterfaceOrientationPortrait;
				INFOPLIST_KEY_UISupportedInterfaceOrientations_iPad = "UIInterfaceOrientationLandscapeLeft UIInterfaceOrientationLandscapeRight UIInterfaceOrientationPortrait UIInterfaceOrientationPortraitUpsideDown";
				INFOPLIST_KEY_UIUserInterfaceStyle = Light;
				IPHONEOS_DEPLOYMENT_TARGET = 16.0;
				LD_RUNPATH_SEARCH_PATHS = (
					"$(inherited)",
					"@executable_path/Frameworks",
				);
				MARKETING_VERSION = 1.1;
				PRODUCT_BUNDLE_IDENTIFIER = com.game.letterise;
				PRODUCT_NAME = "$(TARGET_NAME)";
				SUPPORTED_PLATFORMS = "iphoneos iphonesimulator";
				SUPPORTS_MACCATALYST = NO;
				SUPPORTS_MAC_DESIGNED_FOR_IPHONE_IPAD = NO;
				SWIFT_EMIT_LOC_STRINGS = YES;
				SWIFT_VERSION = 5.0;
				TARGETED_DEVICE_FAMILY = 1;
			};
			name = Release;
		};
		F5AF15CC2B0944010027422A /* Debug */ = {
			isa = XCBuildConfiguration;
			baseConfigurationReference = 66CD69482BF20E23DBBE7D54 /* Pods-letteriseTests.debug.xcconfig */;
			buildSettings = {
				BUNDLE_LOADER = "$(TEST_HOST)";
				CODE_SIGN_STYLE = Automatic;
				CURRENT_PROJECT_VERSION = 1;
				DEVELOPMENT_TEAM = 6GD2RK7JQN;
				GENERATE_INFOPLIST_FILE = YES;
				MARKETING_VERSION = 1.0;
				PRODUCT_BUNDLE_IDENTIFIER = com.letteriseTests;
				PRODUCT_NAME = "$(TARGET_NAME)";
				SWIFT_EMIT_LOC_STRINGS = NO;
				SWIFT_VERSION = 5.0;
				TARGETED_DEVICE_FAMILY = "1,2";
				TEST_HOST = "$(BUILT_PRODUCTS_DIR)/letterise.app/$(BUNDLE_EXECUTABLE_FOLDER_PATH)/letterise";
			};
			name = Debug;
		};
		F5AF15CD2B0944010027422A /* Release */ = {
			isa = XCBuildConfiguration;
			baseConfigurationReference = 75E94C3BBE3DBECC77DEEAE5 /* Pods-letteriseTests.release.xcconfig */;
			buildSettings = {
				BUNDLE_LOADER = "$(TEST_HOST)";
				CODE_SIGN_STYLE = Automatic;
				CURRENT_PROJECT_VERSION = 1;
				DEVELOPMENT_TEAM = 6GD2RK7JQN;
				GENERATE_INFOPLIST_FILE = YES;
				MARKETING_VERSION = 1.0;
				PRODUCT_BUNDLE_IDENTIFIER = com.letteriseTests;
				PRODUCT_NAME = "$(TARGET_NAME)";
				SWIFT_EMIT_LOC_STRINGS = NO;
				SWIFT_VERSION = 5.0;
				TARGETED_DEVICE_FAMILY = "1,2";
				TEST_HOST = "$(BUILT_PRODUCTS_DIR)/letterise.app/$(BUNDLE_EXECUTABLE_FOLDER_PATH)/letterise";
			};
			name = Release;
		};
/* End XCBuildConfiguration section */

/* Begin XCConfigurationList section */
		F5AF15A62B092FF80027422A /* Build configuration list for PBXProject "letterise" */ = {
			isa = XCConfigurationList;
			buildConfigurations = (
				F5AF15B72B092FFB0027422A /* Debug */,
				F5AF15B82B092FFB0027422A /* Release */,
			);
			defaultConfigurationIsVisible = 0;
			defaultConfigurationName = Release;
		};
		F5AF15B92B092FFB0027422A /* Build configuration list for PBXNativeTarget "letterise" */ = {
			isa = XCConfigurationList;
			buildConfigurations = (
				F5AF15BA2B092FFB0027422A /* Debug */,
				F5AF15BB2B092FFB0027422A /* Release */,
			);
			defaultConfigurationIsVisible = 0;
			defaultConfigurationName = Release;
		};
		F5AF15CB2B0944010027422A /* Build configuration list for PBXNativeTarget "letteriseTests" */ = {
			isa = XCConfigurationList;
			buildConfigurations = (
				F5AF15CC2B0944010027422A /* Debug */,
				F5AF15CD2B0944010027422A /* Release */,
			);
			defaultConfigurationIsVisible = 0;
			defaultConfigurationName = Release;
		};
/* End XCConfigurationList section */
	};
	rootObject = F5AF15A32B092FF80027422A /* Project object */;
}
